
Microsoft Visual Studio Solution File, Format Version 12.00
# Visual Studio Version 17
VisualStudioVersion = 17.7.34221.43
MinimumVisualStudioVersion = 10.0.40219.1
Project("{FAE04EC0-301F-11D3-BF4B-00C04F79EFBC}") = "content-type", "content-type.csproj", "{4635FE87-51AC-493E-BD08-DEC4C37C859C}"
EndProject
Global
	GlobalSection(SolutionConfigurationPlatforms) = preSolution
		Debug|Any CPU = Debug|Any CPU
		Release|Any CPU = Release|Any CPU
	EndGlobalSection
	GlobalSection(ProjectConfigurationPlatforms) = postSolution
		{4635FE87-51AC-493E-BD08-DEC4C37C859C}.Debug|Any CPU.ActiveCfg = Debug|Any CPU
		{4635FE87-51AC-493E-BD08-DEC4C37C859C}.Debug|Any CPU.Build.0 = Debug|Any CPU
		{4635FE87-51AC-493E-BD08-DEC4C37C859C}.Release|Any CPU.ActiveCfg = Release|Any CPU
		{4635FE87-51AC-493E-BD08-DEC4C37C859C}.Release|Any CPU.Build.0 = Release|Any CPU
	EndGlobalSection
	GlobalSection(SolutionProperties) = preSolution
		HideSolutionNode = FALSE
	EndGlobalSection
	GlobalSection(ExtensibilityGlobals) = postSolution
		SolutionGuid = {2B83D7B7-7FD8-4F0C-8046-6CCEF49FC24A}
	EndGlobalSection
EndGlobal
